
Microsoft Visual Studio Solution File, Format Version 12.00
# Visual Studio Version 17
VisualStudioVersion = 17.7.34009.444
MinimumVisualStudioVersion = 10.0.40219.1
Project("{FAE04EC0-301F-11D3-BF4B-00C04F79EFBC}") = "WpfApp1", "WpfApp1\WpfApp1.csproj", "{1D261E6C-2021-4D45-AFD1-DA048E051597}"
EndProject
Global
	GlobalSection(SolutionConfigurationPlatforms) = preSolution
		Debug|Any CPU = Debug|Any CPU
		Release|Any CPU = Release|Any CPU
	EndGlobalSection
	GlobalSection(ProjectConfigurationPlatforms) = postSolution
		{1D261E6C-2021-4D45-AFD1-DA048E051597}.Debug|Any CPU.ActiveCfg = Debug|Any CPU
		{1D261E6C-2021-4D45-AFD1-DA048E051597}.Debug|Any CPU.Build.0 = Debug|Any CPU
		{1D261E6C-2021-4D45-AFD1-DA048E051597}.Release|Any CPU.ActiveCfg = Release|Any CPU
		{1D261E6C-2021-4D45-AFD1-DA048E051597}.Release|Any CPU.Build.0 = Release|Any CPU
	EndGlobalSection
	GlobalSection(SolutionProperties) = preSolution
		HideSolutionNode = FALSE
	EndGlobalSection
	GlobalSection(ExtensibilityGlobals) = postSolution
		SolutionGuid = {9A7CC5A6-310D-44EF-85C1-8B52D60932D1}
	EndGlobalSection
EndGlobal
